
Microsoft Visual Studio Solution File, Format Version 12.00
Project("{FAE04EC0-301F-11D3-BF4B-00C04F79EFBC}") = "ECommerce.Api.Products", "ECommerce.Api.Products\ECommerce.Api.Products.csproj", "{AB91C882-54C0-41A1-B4ED-9023FD3E6B0B}"
EndProject
Project("{FAE04EC0-301F-11D3-BF4B-00C04F79EFBC}") = "ECommerce.Api.Custumers", "ECommerce.Api.Custumers\ECommerce.Api.Custumers.csproj", "{5B960EF2-E5E6-485F-852E-22DA07E056E8}"
EndProject
Project("{FAE04EC0-301F-11D3-BF4B-00C04F79EFBC}") = "ECommerce.Api.Orders", "ECommerce.Api.Orders\ECommerce.Api.Orders.csproj", "{A915441D-D39E-4FF1-9D75-6AE0E1740E9F}"
EndProject
Project("{FAE04EC0-301F-11D3-BF4B-00C04F79EFBC}") = "ECommerce.Api.Search", "ECommerce.Api.Search\ECommerce.Api.Search.csproj", "{F394E192-794D-462B-846D-7A2B6CBA9FF0}"
EndProject
Global
	GlobalSection(SolutionConfigurationPlatforms) = preSolution
		Debug|Any CPU = Debug|Any CPU
		Release|Any CPU = Release|Any CPU
	EndGlobalSection
	GlobalSection(ProjectConfigurationPlatforms) = postSolution
		{AB91C882-54C0-41A1-B4ED-9023FD3E6B0B}.Debug|Any CPU.ActiveCfg = Debug|Any CPU
		{AB91C882-54C0-41A1-B4ED-9023FD3E6B0B}.Debug|Any CPU.Build.0 = Debug|Any CPU
		{AB91C882-54C0-41A1-B4ED-9023FD3E6B0B}.Release|Any CPU.ActiveCfg = Release|Any CPU
		{AB91C882-54C0-41A1-B4ED-9023FD3E6B0B}.Release|Any CPU.Build.0 = Release|Any CPU
		{5B960EF2-E5E6-485F-852E-22DA07E056E8}.Debug|Any CPU.ActiveCfg = Debug|Any CPU
		{5B960EF2-E5E6-485F-852E-22DA07E056E8}.Debug|Any CPU.Build.0 = Debug|Any CPU
		{5B960EF2-E5E6-485F-852E-22DA07E056E8}.Release|Any CPU.ActiveCfg = Release|Any CPU
		{5B960EF2-E5E6-485F-852E-22DA07E056E8}.Release|Any CPU.Build.0 = Release|Any CPU
		{A915441D-D39E-4FF1-9D75-6AE0E1740E9F}.Debug|Any CPU.ActiveCfg = Debug|Any CPU
		{A915441D-D39E-4FF1-9D75-6AE0E1740E9F}.Debug|Any CPU.Build.0 = Debug|Any CPU
		{A915441D-D39E-4FF1-9D75-6AE0E1740E9F}.Release|Any CPU.ActiveCfg = Release|Any CPU
		{A915441D-D39E-4FF1-9D75-6AE0E1740E9F}.Release|Any CPU.Build.0 = Release|Any CPU
		{F394E192-794D-462B-846D-7A2B6CBA9FF0}.Debug|Any CPU.ActiveCfg = Debug|Any CPU
		{F394E192-794D-462B-846D-7A2B6CBA9FF0}.Debug|Any CPU.Build.0 = Debug|Any CPU
		{F394E192-794D-462B-846D-7A2B6CBA9FF0}.Release|Any CPU.ActiveCfg = Release|Any CPU
		{F394E192-794D-462B-846D-7A2B6CBA9FF0}.Release|Any CPU.Build.0 = Release|Any CPU
	EndGlobalSection
EndGlobal
